
Microsoft Visual Studio Solution File, Format Version 12.00
# Visual Studio Version 16
VisualStudioVersion = 16.0.29418.71
MinimumVisualStudioVersion = 10.0.40219.1
Project("{FAE04EC0-301F-11D3-BF4B-00C04F79EFBC}") = "P03_FootballBetting", "P03_FootballBetting\P03_FootballBetting.csproj", "{6A09EDC1-90EE-4631-97CB-A61440D00094}"
EndProject
Project("{FAE04EC0-301F-11D3-BF4B-00C04F79EFBC}") = "P03_FootballBetting.Data.Models", "P03_FootballBetting.Data.Models\P03_FootballBetting.Data.Models.csproj", "{D2873E70-2FAD-4BBF-AD51-D77DC8679EDB}"
EndProject
Project("{FAE04EC0-301F-11D3-BF4B-00C04F79EFBC}") = "P03_FootballBetting.Data", "P03_FootballBetting.Data\P03_FootballBetting.Data.csproj", "{B4041A4A-FFD4-4BF9-B59B-8CEF39DAA3B4}"
EndProject
Global
	GlobalSection(SolutionConfigurationPlatforms) = preSolution
		Debug|Any CPU = Debug|Any CPU
		Release|Any CPU = Release|Any CPU
	EndGlobalSection
	GlobalSection(ProjectConfigurationPlatforms) = postSolution
		{6A09EDC1-90EE-4631-97CB-A61440D00094}.Debug|Any CPU.ActiveCfg = Debug|Any CPU
		{6A09EDC1-90EE-4631-97CB-A61440D00094}.Debug|Any CPU.Build.0 = Debug|Any CPU
		{6A09EDC1-90EE-4631-97CB-A61440D00094}.Release|Any CPU.ActiveCfg = Release|Any CPU
		{6A09EDC1-90EE-4631-97CB-A61440D00094}.Release|Any CPU.Build.0 = Release|Any CPU
		{D2873E70-2FAD-4BBF-AD51-D77DC8679EDB}.Debug|Any CPU.ActiveCfg = Debug|Any CPU
		{D2873E70-2FAD-4BBF-AD51-D77DC8679EDB}.Debug|Any CPU.Build.0 = Debug|Any CPU
		{D2873E70-2FAD-4BBF-AD51-D77DC8679EDB}.Release|Any CPU.ActiveCfg = Release|Any CPU
		{D2873E70-2FAD-4BBF-AD51-D77DC8679EDB}.Release|Any CPU.Build.0 = Release|Any CPU
		{B4041A4A-FFD4-4BF9-B59B-8CEF39DAA3B4}.Debug|Any CPU.ActiveCfg = Debug|Any CPU
		{B4041A4A-FFD4-4BF9-B59B-8CEF39DAA3B4}.Debug|Any CPU.Build.0 = Debug|Any CPU
		{B4041A4A-FFD4-4BF9-B59B-8CEF39DAA3B4}.Release|Any CPU.ActiveCfg = Release|Any CPU
		{B4041A4A-FFD4-4BF9-B59B-8CEF39DAA3B4}.Release|Any CPU.Build.0 = Release|Any CPU
	EndGlobalSection
	GlobalSection(SolutionProperties) = preSolution
		HideSolutionNode = FALSE
	EndGlobalSection
	GlobalSection(ExtensibilityGlobals) = postSolution
		SolutionGuid = {B8780B13-9240-4D75-94A7-43FFA52E7AAD}
	EndGlobalSection
EndGlobal
